
Microsoft Visual Studio Solution File, Format Version 12.00
# Visual Studio 2012
Project("{FAE04EC0-301F-11D3-BF4B-00C04F79EFBC}") = "Test", "Test\Test.csproj", "{8C5D836A-8634-4ECC-97C5-F40D357E3E78}"
EndProject
Project("{FAE04EC0-301F-11D3-BF4B-00C04F79EFBC}") = "Framework", "Framework\Framework.csproj", "{03134F8C-677C-4D97-A3D6-E2E7435B3F11}"
EndProject
Project("{FAE04EC0-301F-11D3-BF4B-00C04F79EFBC}") = "Algorithms", "Algorithms\Algorithms.csproj", "{3C9F8D98-64DC-4BB3-AA50-18FA0BE2A572}"
EndProject
Project("{FAE04EC0-301F-11D3-BF4B-00C04F79EFBC}") = "Execution", "Execution\Execution.csproj", "{FE0287C0-A1A0-45C2-80C3-62C0A4D54B0D}"
EndProject
Global
	GlobalSection(SolutionConfigurationPlatforms) = preSolution
		Debug|Any CPU = Debug|Any CPU
		Release|Any CPU = Release|Any CPU
	EndGlobalSection
	GlobalSection(ProjectConfigurationPlatforms) = postSolution
		{8C5D836A-8634-4ECC-97C5-F40D357E3E78}.Debug|Any CPU.ActiveCfg = Debug|Any CPU
		{8C5D836A-8634-4ECC-97C5-F40D357E3E78}.Debug|Any CPU.Build.0 = Debug|Any CPU
		{8C5D836A-8634-4ECC-97C5-F40D357E3E78}.Release|Any CPU.ActiveCfg = Release|Any CPU
		{8C5D836A-8634-4ECC-97C5-F40D357E3E78}.Release|Any CPU.Build.0 = Release|Any CPU
		{03134F8C-677C-4D97-A3D6-E2E7435B3F11}.Debug|Any CPU.ActiveCfg = Debug|Any CPU
		{03134F8C-677C-4D97-A3D6-E2E7435B3F11}.Debug|Any CPU.Build.0 = Debug|Any CPU
		{03134F8C-677C-4D97-A3D6-E2E7435B3F11}.Release|Any CPU.ActiveCfg = Release|Any CPU
		{03134F8C-677C-4D97-A3D6-E2E7435B3F11}.Release|Any CPU.Build.0 = Release|Any CPU
		{3C9F8D98-64DC-4BB3-AA50-18FA0BE2A572}.Debug|Any CPU.ActiveCfg = Debug|Any CPU
		{3C9F8D98-64DC-4BB3-AA50-18FA0BE2A572}.Debug|Any CPU.Build.0 = Debug|Any CPU
		{3C9F8D98-64DC-4BB3-AA50-18FA0BE2A572}.Release|Any CPU.ActiveCfg = Release|Any CPU
		{3C9F8D98-64DC-4BB3-AA50-18FA0BE2A572}.Release|Any CPU.Build.0 = Release|Any CPU
		{FE0287C0-A1A0-45C2-80C3-62C0A4D54B0D}.Debug|Any CPU.ActiveCfg = Debug|Any CPU
		{FE0287C0-A1A0-45C2-80C3-62C0A4D54B0D}.Debug|Any CPU.Build.0 = Debug|Any CPU
		{FE0287C0-A1A0-45C2-80C3-62C0A4D54B0D}.Release|Any CPU.ActiveCfg = Release|Any CPU
		{FE0287C0-A1A0-45C2-80C3-62C0A4D54B0D}.Release|Any CPU.Build.0 = Release|Any CPU
	EndGlobalSection
	GlobalSection(SolutionProperties) = preSolution
		HideSolutionNode = FALSE
	EndGlobalSection
EndGlobal
